# @generated - this file is auto-generated by `mise lock` https://mise.jdx.dev/dev-tools/mise-lock.html

[[tools.periphery]]
version = "3.7.4"
backend = "aqua:peripheryapp/periphery"

[tools.periphery."platforms.macos-arm64"]
checksum = "sha256:f8283239a82c638a4d5cfb91c42519980462b7853299562f663eb33ce54c8dc6"
url = "https://github.com/peripheryapp/periphery/releases/download/3.7.4/periphery-3.7.4.zip"
url_api = "https://api.github.com/repos/peripheryapp/periphery/releases/assets/405808464"

[[tools.swift]]
version = "6.3.1"
backend = "core:swift"
