# @generated - this file is auto-generated by `mise lock` https://mise.jdx.dev/dev-tools/mise-lock.html

[[tools.periphery]]
version = "3.7.4"
backend = "aqua:peripheryapp/periphery"

[tools.periphery."platforms.macos-arm64"]
checksum = "sha256:f8283239a82c638a4d5cfb91c42519980462b7853299562f663eb33ce54c8dc6"
url = "https://github.com/peripheryapp/periphery/releases/download/3.7.4/periphery-3.7.4.zip"
url_api = "https://api.github.com/repos/peripheryapp/periphery/releases/assets/405808464"

[[tools.swift]]
version = "6.4.0"
backend = "core:swift"

[tools.swift."platforms.macos-arm64"]
checksum = "blake3:b7d02453cf1224c0b2e4ee2bf6c22b7ea9f7c0fb7beb8eeb3446a858d387d3b2"
